
Microsoft Visual Studio Solution File, Format Version 12.00
# Visual Studio Version 17
VisualStudioVersion = 17.8.34309.116
MinimumVisualStudioVersion = 10.0.40219.1
Project("{9A19103F-16F7-4668-BE54-9A1E7A4F7556}") = "VA Leo", "VA Leo.csproj", "{7AF9D82E-79FF-479A-A179-9D11F8AB91F5}"
EndProject
Global
	GlobalSection(SolutionConfigurationPlatforms) = preSolution
		Debug|Any CPU = Debug|Any CPU
		Debug|x64 = Debug|x64
		Release|Any CPU = Release|Any CPU
		Release|x64 = Release|x64
	EndGlobalSection
	GlobalSection(ProjectConfigurationPlatforms) = postSolution
		{7AF9D82E-79FF-479A-A179-9D11F8AB91F5}.Debug|Any CPU.ActiveCfg = Debug|Any CPU
		{7AF9D82E-79FF-479A-A179-9D11F8AB91F5}.Debug|Any CPU.Build.0 = Debug|Any CPU
		{7AF9D82E-79FF-479A-A179-9D11F8AB91F5}.Debug|x64.ActiveCfg = Debug|x64
		{7AF9D82E-79FF-479A-A179-9D11F8AB91F5}.Debug|x64.Build.0 = Debug|x64
		{7AF9D82E-79FF-479A-A179-9D11F8AB91F5}.Release|Any CPU.ActiveCfg = Release|Any CPU
		{7AF9D82E-79FF-479A-A179-9D11F8AB91F5}.Release|Any CPU.Build.0 = Release|Any CPU
		{7AF9D82E-79FF-479A-A179-9D11F8AB91F5}.Release|x64.ActiveCfg = Release|x64
		{7AF9D82E-79FF-479A-A179-9D11F8AB91F5}.Release|x64.Build.0 = Release|x64
	EndGlobalSection
	GlobalSection(SolutionProperties) = preSolution
		HideSolutionNode = FALSE
	EndGlobalSection
	GlobalSection(ExtensibilityGlobals) = postSolution
		SolutionGuid = {3801627C-D28A-4B37-A3C7-1C11F272338A}
	EndGlobalSection
EndGlobal
